{
    "_meta": {
        "hash": {
            "sha256": "f93eb83f6c54d6c8da18322f7a4ef7b795117cc4b63591a7a50a8eeb89ac2c96"
        },
        "pipfile-spec": 6,
        "requires": {
            "python_version": "3.10"
        },
        "sources": [
            {
                "name": "pypi",
                "url": "https://pypi.org/simple",
                "verify_ssl": true
            }
        ]
    },
    "default": {},
    "develop": {}
}
